
Microsoft Visual Studio Solution File, Format Version 12.00
# Visual Studio Version 17
VisualStudioVersion = 17.5.33516.290
MinimumVisualStudioVersion = 10.0.40219.1
Project("{9A19103F-16F7-4668-BE54-9A1E7A4F7556}") = "TimedScrapAPI", "TimedScrapAPI\TimedScrapAPI.csproj", "{07D2A94E-3990-4213-B285-0205484BBA64}"
EndProject
Project("{FAE04EC0-301F-11D3-BF4B-00C04F79EFBC}") = "AzureUtils", "AzureUtils\AzureUtils.csproj", "{3CA27375-8C50-4BFB-BE2C-7C685642D5D3}"
EndProject
Project("{FAE04EC0-301F-11D3-BF4B-00C04F79EFBC}") = "AzureServices", "AzureServices\AzureServices.csproj", "{65D54DED-6930-4FD8-B5BE-B45DFBBE7E43}"
EndProject
Global
	GlobalSection(SolutionConfigurationPlatforms) = preSolution
		Debug|Any CPU = Debug|Any CPU
		Release|Any CPU = Release|Any CPU
	EndGlobalSection
	GlobalSection(ProjectConfigurationPlatforms) = postSolution
		{07D2A94E-3990-4213-B285-0205484BBA64}.Debug|Any CPU.ActiveCfg = Debug|Any CPU
		{07D2A94E-3990-4213-B285-0205484BBA64}.Debug|Any CPU.Build.0 = Debug|Any CPU
		{07D2A94E-3990-4213-B285-0205484BBA64}.Release|Any CPU.ActiveCfg = Release|Any CPU
		{07D2A94E-3990-4213-B285-0205484BBA64}.Release|Any CPU.Build.0 = Release|Any CPU
		{3CA27375-8C50-4BFB-BE2C-7C685642D5D3}.Debug|Any CPU.ActiveCfg = Debug|Any CPU
		{3CA27375-8C50-4BFB-BE2C-7C685642D5D3}.Debug|Any CPU.Build.0 = Debug|Any CPU
		{3CA27375-8C50-4BFB-BE2C-7C685642D5D3}.Release|Any CPU.ActiveCfg = Release|Any CPU
		{3CA27375-8C50-4BFB-BE2C-7C685642D5D3}.Release|Any CPU.Build.0 = Release|Any CPU
		{65D54DED-6930-4FD8-B5BE-B45DFBBE7E43}.Debug|Any CPU.ActiveCfg = Debug|Any CPU
		{65D54DED-6930-4FD8-B5BE-B45DFBBE7E43}.Debug|Any CPU.Build.0 = Debug|Any CPU
		{65D54DED-6930-4FD8-B5BE-B45DFBBE7E43}.Release|Any CPU.ActiveCfg = Release|Any CPU
		{65D54DED-6930-4FD8-B5BE-B45DFBBE7E43}.Release|Any CPU.Build.0 = Release|Any CPU
	EndGlobalSection
	GlobalSection(SolutionProperties) = preSolution
		HideSolutionNode = FALSE
	EndGlobalSection
	GlobalSection(ExtensibilityGlobals) = postSolution
		SolutionGuid = {0C7C938F-85AC-43F2-80AD-DCC73FA28C8E}
	EndGlobalSection
EndGlobal
